<?xml version="1.0" encoding="UTF-8" standalone="yes" ?>
<CodeBlocks_project_file>
	<FileVersion major="1" minor="6" />
	<Project>
		<Option title="ScpScraper" />
		<Option pch_mode="2" />
		<Option compiler="gcc" />
		<Build>
			<Target title="Debug">
				<Option output="bin/Debug/ScpScraper" prefix_auto="1" extension_auto="1" />
				<Option object_output="obj/Debug/" />
				<Option type="1" />
				<Option compiler="gcc" />
				<Option parameters="--archive" />
				<Compiler>
					<Add option="-g" />
				</Compiler>
			</Target>
			<Target title="Release">
				<Option output="bin/Release/ScpScraper" prefix_auto="1" extension_auto="1" />
				<Option object_output="obj/Release/" />
				<Option type="1" />
				<Option compiler="gcc" />
				<Option parameters="--archive" />
				<Compiler>
					<Add option="-O2" />
				</Compiler>
				<Linker>
					<Add option="-s" />
				</Linker>
			</Target>
		</Build>
		<Compiler>
			<Add option="-Wall" />
			<Add directory="deps" />
		</Compiler>
		<Linker>
			<Add option="-lcurlpp" />
			<Add option="-lcurl" />
			<Add option="-lboost_system" />
			<Add option="-lboost_filesystem" />
			<Add option="-lpthread" />
		</Linker>
		<Unit filename="ScpScraper/Scraper/Helpers.cpp" />
		<Unit filename="ScpScraper/Scraper/Helpers.hpp" />
		<Unit filename="ScpScraper/Scraper/Scraper.cpp" />
		<Unit filename="ScpScraper/Scraper/Scraper.hpp" />
		<Unit filename="ScpScraper/Scraper/entities/Entites.hpp" />
		<Unit filename="ScpScraper/Scraper/entities/entities.c">
			<Option compilerVar="CC" />
		</Unit>
		<Unit filename="ScpScraper/Scraper/entities/entities.h" />
		<Unit filename="ScpScraper/main.cpp" />
		<Extensions>
			<code_completion />
			<debugger />
		</Extensions>
	</Project>
</CodeBlocks_project_file>
