<?xml version="1.0" encoding="UTF-8" standalone="yes" ?>
<CodeBlocks_project_file>
	<FileVersion major="1" minor="6" />
	<Project>
		<Option title="ScpArchive" />
		<Option pch_mode="2" />
		<Option compiler="gcc" />
		<Build>
			<Target title="Debug">
				<Option output="bin/Debug/ScpArchive" prefix_auto="1" extension_auto="1" />
				<Option object_output="obj/Debug/" />
				<Option type="1" />
				<Option compiler="gcc" />
				<Option parameters="--runTests" />
				<Compiler>
					<Add option="-g" />
					<Add directory="./" />
					<Add directory="ScpArchive/Tests/Database" />
					<Add directory="ScpArchive/Website" />
					<Add directory="ScpArchive/Parser" />
					<Add directory="ScpArchive/UntestedUtils" />
					<Add directory="ScpArchive/Tests/Parser" />
					<Add directory="ScpArchive/Parser/Rules" />
					<Add directory="ScpArchive/Parser/Rules/RuleSets" />
				</Compiler>
			</Target>
			<Target title="Release">
				<Option output="bin/Release/ScpArchive" prefix_auto="1" extension_auto="1" />
				<Option object_output="obj/Release/" />
				<Option type="1" />
				<Option compiler="gcc" />
				<Option parameters="--runWebsite" />
				<Compiler>
					<Add option="-O2" />
					<Add directory="./" />
					<Add directory="ScpArchive/Tests/Database" />
					<Add directory="ScpArchive/Website" />
					<Add directory="ScpArchive/Parser" />
					<Add directory="ScpArchive/UntestedUtils" />
					<Add directory="ScpArchive/Tests/Parser" />
					<Add directory="ScpArchive/Parser/Rules" />
					<Add directory="ScpArchive/Parser/Rules/RuleSets" />
				</Compiler>
				<Linker>
					<Add option="-s" />
				</Linker>
			</Target>
		</Build>
		<Compiler>
			<Add option="-Wall" />
			<Add option="-std=c++17" />
			<Add directory="/usr/local/include/bsoncxx/v_noabi" />
			<Add directory="/usr/local/include/mongocxx/v_noabi" />
		</Compiler>
		<Linker>
			<Add option="-lboost_system" />
			<Add option="-lboost_filesystem" />
			<Add option="$\(pkg-config --cflags --libs libmongocxx\)" />
			<Add option="-lfcgi" />
			<Add option="-lfcgi++" />
			<Add option="-lcgicc" />
			<Add option="-lpthread" />
		</Linker>
		<Unit filename="ScpArchive/Config.cpp" />
		<Unit filename="ScpArchive/Config.hpp" />
		<Unit filename="ScpArchive/Database/Database.cpp" />
		<Unit filename="ScpArchive/Database/Database.hpp" />
		<Unit filename="ScpArchive/Database/Importer.cpp" />
		<Unit filename="ScpArchive/Database/Importer.hpp" />
		<Unit filename="ScpArchive/Database/Json.cpp" />
		<Unit filename="ScpArchive/Database/Json.hpp" />
		<Unit filename="ScpArchive/HTTP/HtmlEntity.hpp" />
		<Unit filename="ScpArchive/HTTP/MarkupOutStream.cpp" />
		<Unit filename="ScpArchive/HTTP/MarkupOutStream.hpp" />
		<Unit filename="ScpArchive/HTTP/entities/entities.c">
			<Option compilerVar="CC" />
		</Unit>
		<Unit filename="ScpArchive/HTTP/entities/entities.h" />
		<Unit filename="ScpArchive/Parser/HTMLConverter.cpp" />
		<Unit filename="ScpArchive/Parser/HTMLConverter.hpp" />
		<Unit filename="ScpArchive/Parser/Parser.cpp" />
		<Unit filename="ScpArchive/Parser/Parser.hpp" />
		<Unit filename="ScpArchive/Parser/Rules/RuleSet.cpp" />
		<Unit filename="ScpArchive/Parser/Rules/RuleSet.hpp" />
		<Unit filename="ScpArchive/Parser/Rules/RuleSetUtil.hpp" />
		<Unit filename="ScpArchive/Parser/Rules/RuleSets/AlignRuleSet.cpp" />
		<Unit filename="ScpArchive/Parser/Rules/RuleSets/AlignRuleSet.hpp" />
		<Unit filename="ScpArchive/Parser/Rules/RuleSets/AnchorRuleSet.cpp" />
		<Unit filename="ScpArchive/Parser/Rules/RuleSets/AnchorRuleSet.hpp" />
		<Unit filename="ScpArchive/Parser/Rules/RuleSets/BasicTextRuleSet.cpp" />
		<Unit filename="ScpArchive/Parser/Rules/RuleSets/BasicTextRuleSet.hpp" />
		<Unit filename="ScpArchive/Parser/Rules/RuleSets/CSSRuleSet.cpp" />
		<Unit filename="ScpArchive/Parser/Rules/RuleSets/CSSRuleSet.hpp" />
		<Unit filename="ScpArchive/Parser/Rules/RuleSets/CenterTextRuleSet.cpp" />
		<Unit filename="ScpArchive/Parser/Rules/RuleSets/CenterTextRuleSet.hpp" />
		<Unit filename="ScpArchive/Parser/Rules/RuleSets/CodeRuleSet.cpp" />
		<Unit filename="ScpArchive/Parser/Rules/RuleSets/CodeRuleSet.hpp" />
		<Unit filename="ScpArchive/Parser/Rules/RuleSets/CollapsibleRuleSet.cpp" />
		<Unit filename="ScpArchive/Parser/Rules/RuleSets/CollapsibleRuleSet.hpp" />
		<Unit filename="ScpArchive/Parser/Rules/RuleSets/CommentRuleSet.cpp" />
		<Unit filename="ScpArchive/Parser/Rules/RuleSets/CommentRuleSet.hpp" />
		<Unit filename="ScpArchive/Parser/Rules/RuleSets/DivRuleSet.cpp" />
		<Unit filename="ScpArchive/Parser/Rules/RuleSets/DivRuleSet.hpp" />
		<Unit filename="ScpArchive/Parser/Rules/RuleSets/DividerRuleSet.cpp" />
		<Unit filename="ScpArchive/Parser/Rules/RuleSets/DividerRuleSet.hpp" />
		<Unit filename="ScpArchive/Parser/Rules/RuleSets/EntityEscapeRuleSet.cpp" />
		<Unit filename="ScpArchive/Parser/Rules/RuleSets/EntityEscapeRuleSet.hpp" />
		<Unit filename="ScpArchive/Parser/Rules/RuleSets/FootNoteRuleSet.cpp" />
		<Unit filename="ScpArchive/Parser/Rules/RuleSets/FootNoteRuleSet.hpp" />
		<Unit filename="ScpArchive/Parser/Rules/RuleSets/HTMLRuleSet.cpp" />
		<Unit filename="ScpArchive/Parser/Rules/RuleSets/HTMLRuleSet.hpp" />
		<Unit filename="ScpArchive/Parser/Rules/RuleSets/HeadingRuleSet.cpp" />
		<Unit filename="ScpArchive/Parser/Rules/RuleSets/HeadingRuleSet.hpp" />
		<Unit filename="ScpArchive/Parser/Rules/RuleSets/HyperLinkRuleSet.cpp" />
		<Unit filename="ScpArchive/Parser/Rules/RuleSets/HyperLinkRuleSet.hpp" />
		<Unit filename="ScpArchive/Parser/Rules/RuleSets/IFrameRuleSet.cpp" />
		<Unit filename="ScpArchive/Parser/Rules/RuleSets/IFrameRuleSet.hpp" />
		<Unit filename="ScpArchive/Parser/Rules/RuleSets/IftagsRuleSet.cpp" />
		<Unit filename="ScpArchive/Parser/Rules/RuleSets/IftagsRuleSet.hpp" />
		<Unit filename="ScpArchive/Parser/Rules/RuleSets/ImageRuleSet.cpp" />
		<Unit filename="ScpArchive/Parser/Rules/RuleSets/ImageRuleSet.hpp" />
		<Unit filename="ScpArchive/Parser/Rules/RuleSets/IncludeRuleSet.cpp" />
		<Unit filename="ScpArchive/Parser/Rules/RuleSets/IncludeRuleSet.hpp" />
		<Unit filename="ScpArchive/Parser/Rules/RuleSets/InlineFormatRuleSet.cpp" />
		<Unit filename="ScpArchive/Parser/Rules/RuleSets/InlineFormatRuleSet.hpp" />
		<Unit filename="ScpArchive/Parser/Rules/RuleSets/ListRuleSet.cpp" />
		<Unit filename="ScpArchive/Parser/Rules/RuleSets/ListRuleSet.hpp" />
		<Unit filename="ScpArchive/Parser/Rules/RuleSets/LiteralTextRuleSet.cpp" />
		<Unit filename="ScpArchive/Parser/Rules/RuleSets/LiteralTextRuleSet.hpp" />
		<Unit filename="ScpArchive/Parser/Rules/RuleSets/NullRuleSet.cpp" />
		<Unit filename="ScpArchive/Parser/Rules/RuleSets/NullRuleSet.hpp" />
		<Unit filename="ScpArchive/Parser/Rules/RuleSets/QuoteBoxRuleSet.cpp" />
		<Unit filename="ScpArchive/Parser/Rules/RuleSets/QuoteBoxRuleSet.hpp" />
		<Unit filename="ScpArchive/Parser/Rules/RuleSets/SectionRuleSet.cpp" />
		<Unit filename="ScpArchive/Parser/Rules/RuleSets/SectionRuleSet.hpp" />
		<Unit filename="ScpArchive/Parser/Rules/RuleSets/SizeRuleSet.cpp" />
		<Unit filename="ScpArchive/Parser/Rules/RuleSets/SizeRuleSet.hpp" />
		<Unit filename="ScpArchive/Parser/Rules/RuleSets/SpanRuleSet.cpp" />
		<Unit filename="ScpArchive/Parser/Rules/RuleSets/SpanRuleSet.hpp" />
		<Unit filename="ScpArchive/Parser/Rules/RuleSets/TabViewRuleSet.cpp" />
		<Unit filename="ScpArchive/Parser/Rules/RuleSets/TabViewRuleSet.hpp" />
		<Unit filename="ScpArchive/Parser/Rules/RuleSets/TableOfContentsRuleSet.cpp" />
		<Unit filename="ScpArchive/Parser/Rules/RuleSets/TableOfContentsRuleSet.hpp" />
		<Unit filename="ScpArchive/Parser/Treer.cpp" />
		<Unit filename="ScpArchive/Parser/Treer.hpp" />
		<Unit filename="ScpArchive/Tests/AutomatedTester.cpp" />
		<Unit filename="ScpArchive/Tests/AutomatedTester.hpp" />
		<Unit filename="ScpArchive/Tests/Database/DatabaseTests.cpp" />
		<Unit filename="ScpArchive/Tests/Database/DatabaseTests.hpp" />
		<Unit filename="ScpArchive/Tests/Database/ImporterTests.cpp" />
		<Unit filename="ScpArchive/Tests/Database/ImporterTests.hpp" />
		<Unit filename="ScpArchive/Tests/Database/JsonTests.cpp" />
		<Unit filename="ScpArchive/Tests/Database/JsonTests.hpp" />
		<Unit filename="ScpArchive/Tests/HTTP/HtmlEntityTests.cpp" />
		<Unit filename="ScpArchive/Tests/HTTP/HtmlEntityTests.hpp" />
		<Unit filename="ScpArchive/Tests/HTTP/MarkupOutStreamTests.cpp" />
		<Unit filename="ScpArchive/Tests/HTTP/MarkupOutStreamTests.hpp" />
		<Unit filename="ScpArchive/Tests/Parser/ParserTests.cpp" />
		<Unit filename="ScpArchive/Tests/Parser/ParserTests.hpp" />
		<Unit filename="ScpArchive/Tests/Parser/TreerTests.cpp" />
		<Unit filename="ScpArchive/Tests/Parser/TreerTests.hpp" />
		<Unit filename="ScpArchive/Tests/Tests.cpp" />
		<Unit filename="ScpArchive/Tests/Tests.hpp" />
		<Unit filename="ScpArchive/UntestedUtils/UntestedUtils.cpp" />
		<Unit filename="ScpArchive/UntestedUtils/UntestedUtils.hpp" />
		<Unit filename="ScpArchive/Website/Gateway.cpp" />
		<Unit filename="ScpArchive/Website/Gateway.hpp" />
		<Unit filename="ScpArchive/Website/Website.cpp" />
		<Unit filename="ScpArchive/Website/Website.hpp" />
		<Unit filename="ScpArchive/main.cpp" />
		<Extensions>
			<code_completion />
			<debugger />
			<envvars />
		</Extensions>
	</Project>
</CodeBlocks_project_file>
